
Microsoft Visual Studio Solution File, Format Version 12.00
# Visual Studio Version 16
VisualStudioVersion = 16.0.30621.155
MinimumVisualStudioVersion = 10.0.40219.1
Project("{FAE04EC0-301F-11D3-BF4B-00C04F79EFBC}") = "MagicBall_YesNo", "MagicBall_YesNo\MagicBall_YesNo.csproj", "{240E5CFF-464E-4D47-A464-83683F23E785}"
EndProject
Global
	GlobalSection(SolutionConfigurationPlatforms) = preSolution
		Debug|Any CPU = Debug|Any CPU
		Release|Any CPU = Release|Any CPU
	EndGlobalSection
	GlobalSection(ProjectConfigurationPlatforms) = postSolution
		{240E5CFF-464E-4D47-A464-83683F23E785}.Debug|Any CPU.ActiveCfg = Debug|Any CPU
		{240E5CFF-464E-4D47-A464-83683F23E785}.Debug|Any CPU.Build.0 = Debug|Any CPU
		{240E5CFF-464E-4D47-A464-83683F23E785}.Release|Any CPU.ActiveCfg = Release|Any CPU
		{240E5CFF-464E-4D47-A464-83683F23E785}.Release|Any CPU.Build.0 = Release|Any CPU
	EndGlobalSection
	GlobalSection(SolutionProperties) = preSolution
		HideSolutionNode = FALSE
	EndGlobalSection
	GlobalSection(ExtensibilityGlobals) = postSolution
		SolutionGuid = {F87ABCD5-7516-401A-8B51-4BE99D351D0A}
	EndGlobalSection
EndGlobal
